// !$*UTF8*$!
{
	archiveVersion = 1;
	classes = {
	};
	objectVersion = 51;
	objects = {

/* Begin PBXBuildFile section */
		090112E2245DF82D0053F6ED /* work_sans_bold.ttf in Resources */ = {isa = PBXBuildFile; fileRef = 095CC78B245DE57800EF2963 /* work_sans_bold.ttf */; };
		090112E3245DF82D0053F6ED /* work_sans_italic.ttf in Resources */ = {isa = PBXBuildFile; fileRef = 095CC78C245DE57800EF2963 /* work_sans_italic.ttf */; };
		090112E4245DF82D0053F6ED /* work_sans_regular.ttf in Resources */ = {isa = PBXBuildFile; fileRef = 095CC78A245DE57800EF2963 /* work_sans_regular.ttf */; };
		09F1A2012446CE9A00D038A9 /* PressApp.swift in Sources */ = {isa = PBXBuildFile; fileRef = 09F1A2002446CE9A00D038A9 /* PressApp.swift */; };
		09F1A2032446CE9A00D038A9 /* HomeView.swift in Sources */ = {isa = PBXBuildFile; fileRef = 09F1A2022446CE9A00D038A9 /* HomeView.swift */; };
		09F1A2052446CE9B00D038A9 /* Assets.xcassets in Resources */ = {isa = PBXBuildFile; fileRef = 09F1A2042446CE9B00D038A9 /* Assets.xcassets */; };
		09F1A2082446CE9B00D038A9 /* Preview Assets.xcassets in Resources */ = {isa = PBXBuildFile; fileRef = 09F1A2072446CE9B00D038A9 /* Preview Assets.xcassets */; };
		09F1A20B2446CE9B00D038A9 /* Main.storyboard in Resources */ = {isa = PBXBuildFile; fileRef = 09F1A2092446CE9B00D038A9 /* Main.storyboard */; };
		6824507E2F5F7BB1D0937C06 /* MultiLineTextField.swift in Sources */ = {isa = PBXBuildFile; fileRef = 6824537B63E1B6DD3CC05D27 /* MultiLineTextField.swift */; };
		682451D3689EB91DFB0898E4 /* Combine.ext.swift in Sources */ = {isa = PBXBuildFile; fileRef = 6824586BCED4D09B379741E0 /* Combine.ext.swift */; };
		682451E0F98596E664F98CF8 /* Threads.ext.swift in Sources */ = {isa = PBXBuildFile; fileRef = 68245149B46D4691A5F5B370 /* Threads.ext.swift */; };
		68245362D98E405F72FEF39B /* Styles.swift in Sources */ = {isa = PBXBuildFile; fileRef = 6824583FB2B0D4ACB7E04264 /* Styles.swift */; };
		6824536F62456A2DDBE03888 /* HomeComponent.swift in Sources */ = {isa = PBXBuildFile; fileRef = 6824576FF84E6FB1A4DCD687 /* HomeComponent.swift */; };
		6824538615A33D2CDFE25228 /* NoteRowView.swift in Sources */ = {isa = PBXBuildFile; fileRef = 68245D3AE821EF111631D024 /* NoteRowView.swift */; };
		6824541114120B590EA1F28E /* ScopeFunctions.swift in Sources */ = {isa = PBXBuildFile; fileRef = 68245D61E8C832E7AB77AEAB /* ScopeFunctions.swift */; };
		682454A503F6C6BCAB06785F /* EditorView.swift in Sources */ = {isa = PBXBuildFile; fileRef = 68245B77AEE0217659B737A3 /* EditorView.swift */; };
		682457452F7742C49D50D434 /* NoteListView.swift in Sources */ = {isa = PBXBuildFile; fileRef = 68245D7BADDF29F0F093D1FC /* NoteListView.swift */; };
		6824598CF3EE5208E8057FDF /* EditorComponent.swift in Sources */ = {isa = PBXBuildFile; fileRef = 68245417D1B40EBF064BC738 /* EditorComponent.swift */; };
		68245994BFB065737ACADA8E /* ThemeComponent.swift in Sources */ = {isa = PBXBuildFile; fileRef = 682450C434D6DF5CDFD94C54 /* ThemeComponent.swift */; };
		68245A7910ABDDB2D030FCED /* ShareReplay.swift in Sources */ = {isa = PBXBuildFile; fileRef = 68245CC187B5887791660782 /* ShareReplay.swift */; };
		68245A8ED499484CCC69BC49 /* ReaktiveSubscription.swift in Sources */ = {isa = PBXBuildFile; fileRef = 68245319591AA0F53AE05BA1 /* ReaktiveSubscription.swift */; };
		68245B3AC8D2378B0181ECAD /* Views.ext.swift in Sources */ = {isa = PBXBuildFile; fileRef = 682456263684BB431EA5157E /* Views.ext.swift */; };
		68245B53AFE872799BC4B55A /* Colors.ext.swift in Sources */ = {isa = PBXBuildFile; fileRef = 682457325354777EDC79E432 /* Colors.ext.swift */; };
		68245B5C0DC45FB6408D94EC /* Subscribe.swift in Sources */ = {isa = PBXBuildFile; fileRef = 6824573AC4A41C1483D67FF9 /* Subscribe.swift */; };
		68245D291151EC32EFFB6E16 /* .editorconfig in Resources */ = {isa = PBXBuildFile; fileRef = 68245B4009EAC6F3DC881BB3 /* .editorconfig */; };
		68245DC0CBA1DA9735DA7BC8 /* AppTheme.swift in Sources */ = {isa = PBXBuildFile; fileRef = 68245FC40D1F420ACE44EE95 /* AppTheme.swift */; };
		68245DE64B25E36210AEF363 /* ReaktiveInterop.swift in Sources */ = {isa = PBXBuildFile; fileRef = 682456748007595F009374DA /* ReaktiveInterop.swift */; };
		68245F3AFBBD17967374C605 /* Dimensions.swift in Sources */ = {isa = PBXBuildFile; fileRef = 682451887E2788E182C27481 /* Dimensions.swift */; };
		E9DAF6D2C3D0A1F1D75A5AB1 /* Pods_mac.framework in Frameworks */ = {isa = PBXBuildFile; fileRef = CF76B24AB4ACDF361DE370A9 /* Pods_mac.framework */; };
/* End PBXBuildFile section */

/* Begin PBXFileReference section */
		095CC78A245DE57800EF2963 /* work_sans_regular.ttf */ = {isa = PBXFileReference; lastKnownFileType = file; name = work_sans_regular.ttf; path = ../../../../shared/src/main/res/font/work_sans_regular.ttf; sourceTree = "<group>"; };
		095CC78B245DE57800EF2963 /* work_sans_bold.ttf */ = {isa = PBXFileReference; lastKnownFileType = file; name = work_sans_bold.ttf; path = ../../../../shared/src/main/res/font/work_sans_bold.ttf; sourceTree = "<group>"; };
		095CC78C245DE57800EF2963 /* work_sans_italic.ttf */ = {isa = PBXFileReference; lastKnownFileType = file; name = work_sans_italic.ttf; path = ../../../../shared/src/main/res/font/work_sans_italic.ttf; sourceTree = "<group>"; };
		09F1A1FD2446CE9A00D038A9 /* Press.app */ = {isa = PBXFileReference; explicitFileType = wrapper.application; includeInIndex = 0; path = Press.app; sourceTree = BUILT_PRODUCTS_DIR; };
		09F1A2002446CE9A00D038A9 /* PressApp.swift */ = {isa = PBXFileReference; lastKnownFileType = sourcecode.swift; path = PressApp.swift; sourceTree = "<group>"; };
		09F1A2022446CE9A00D038A9 /* HomeView.swift */ = {isa = PBXFileReference; lastKnownFileType = sourcecode.swift; path = HomeView.swift; sourceTree = "<group>"; };
		09F1A2042446CE9B00D038A9 /* Assets.xcassets */ = {isa = PBXFileReference; lastKnownFileType = folder.assetcatalog; path = Assets.xcassets; sourceTree = "<group>"; };
		09F1A2072446CE9B00D038A9 /* Preview Assets.xcassets */ = {isa = PBXFileReference; lastKnownFileType = folder.assetcatalog; path = "Preview Assets.xcassets"; sourceTree = "<group>"; };
		09F1A20A2446CE9B00D038A9 /* Base */ = {isa = PBXFileReference; lastKnownFileType = file.storyboard; name = Base; path = Base.lproj/Main.storyboard; sourceTree = "<group>"; };
		09F1A20C2446CE9B00D038A9 /* Info.plist */ = {isa = PBXFileReference; lastKnownFileType = text.plist.xml; path = Info.plist; sourceTree = "<group>"; };
		09F1A20D2446CE9B00D038A9 /* mac.entitlements */ = {isa = PBXFileReference; lastKnownFileType = text.plist.entitlements; path = mac.entitlements; sourceTree = "<group>"; };
		5CEBE819EF748ACA146C79AE /* Pods-mac.release.xcconfig */ = {isa = PBXFileReference; includeInIndex = 1; lastKnownFileType = text.xcconfig; name = "Pods-mac.release.xcconfig"; path = "Target Support Files/Pods-mac/Pods-mac.release.xcconfig"; sourceTree = "<group>"; };
		682450C434D6DF5CDFD94C54 /* ThemeComponent.swift */ = {isa = PBXFileReference; fileEncoding = 4; lastKnownFileType = sourcecode.swift; path = ThemeComponent.swift; sourceTree = "<group>"; };
		68245149B46D4691A5F5B370 /* Threads.ext.swift */ = {isa = PBXFileReference; fileEncoding = 4; lastKnownFileType = sourcecode.swift; path = Threads.ext.swift; sourceTree = "<group>"; };
		682451887E2788E182C27481 /* Dimensions.swift */ = {isa = PBXFileReference; fileEncoding = 4; lastKnownFileType = sourcecode.swift; path = Dimensions.swift; sourceTree = "<group>"; };
		68245319591AA0F53AE05BA1 /* ReaktiveSubscription.swift */ = {isa = PBXFileReference; fileEncoding = 4; lastKnownFileType = sourcecode.swift; path = ReaktiveSubscription.swift; sourceTree = "<group>"; };
		6824537B63E1B6DD3CC05D27 /* MultiLineTextField.swift */ = {isa = PBXFileReference; fileEncoding = 4; lastKnownFileType = sourcecode.swift; path = MultiLineTextField.swift; sourceTree = "<group>"; };
		68245417D1B40EBF064BC738 /* EditorComponent.swift */ = {isa = PBXFileReference; fileEncoding = 4; lastKnownFileType = sourcecode.swift; path = EditorComponent.swift; sourceTree = "<group>"; };
		682456263684BB431EA5157E /* Views.ext.swift */ = {isa = PBXFileReference; fileEncoding = 4; lastKnownFileType = sourcecode.swift; path = Views.ext.swift; sourceTree = "<group>"; };
		682456748007595F009374DA /* ReaktiveInterop.swift */ = {isa = PBXFileReference; fileEncoding = 4; lastKnownFileType = sourcecode.swift; path = ReaktiveInterop.swift; sourceTree = "<group>"; };
		682457325354777EDC79E432 /* Colors.ext.swift */ = {isa = PBXFileReference; fileEncoding = 4; lastKnownFileType = sourcecode.swift; path = Colors.ext.swift; sourceTree = "<group>"; };
		6824573AC4A41C1483D67FF9 /* Subscribe.swift */ = {isa = PBXFileReference; fileEncoding = 4; lastKnownFileType = sourcecode.swift; path = Subscribe.swift; sourceTree = "<group>"; };
		6824576FF84E6FB1A4DCD687 /* HomeComponent.swift */ = {isa = PBXFileReference; fileEncoding = 4; lastKnownFileType = sourcecode.swift; path = HomeComponent.swift; sourceTree = "<group>"; };
		6824583FB2B0D4ACB7E04264 /* Styles.swift */ = {isa = PBXFileReference; fileEncoding = 4; lastKnownFileType = sourcecode.swift; path = Styles.swift; sourceTree = "<group>"; };
		6824586BCED4D09B379741E0 /* Combine.ext.swift */ = {isa = PBXFileReference; fileEncoding = 4; lastKnownFileType = sourcecode.swift; path = Combine.ext.swift; sourceTree = "<group>"; };
		68245B4009EAC6F3DC881BB3 /* .editorconfig */ = {isa = PBXFileReference; lastKnownFileType = file.editorconfig; path = .editorconfig; sourceTree = "<group>"; };
		68245B77AEE0217659B737A3 /* EditorView.swift */ = {isa = PBXFileReference; fileEncoding = 4; lastKnownFileType = sourcecode.swift; path = EditorView.swift; sourceTree = "<group>"; };
		68245CC187B5887791660782 /* ShareReplay.swift */ = {isa = PBXFileReference; fileEncoding = 4; lastKnownFileType = sourcecode.swift; path = ShareReplay.swift; sourceTree = "<group>"; };
		68245D3AE821EF111631D024 /* NoteRowView.swift */ = {isa = PBXFileReference; fileEncoding = 4; lastKnownFileType = sourcecode.swift; path = NoteRowView.swift; sourceTree = "<group>"; };
		68245D61E8C832E7AB77AEAB /* ScopeFunctions.swift */ = {isa = PBXFileReference; fileEncoding = 4; lastKnownFileType = sourcecode.swift; path = ScopeFunctions.swift; sourceTree = "<group>"; };
		68245D7BADDF29F0F093D1FC /* NoteListView.swift */ = {isa = PBXFileReference; fileEncoding = 4; lastKnownFileType = sourcecode.swift; path = NoteListView.swift; sourceTree = "<group>"; };
		68245FC40D1F420ACE44EE95 /* AppTheme.swift */ = {isa = PBXFileReference; fileEncoding = 4; lastKnownFileType = sourcecode.swift; path = AppTheme.swift; sourceTree = "<group>"; };
		C1F16A1D5CC1D5FCAD6BD133 /* Pods-mac.debug.xcconfig */ = {isa = PBXFileReference; includeInIndex = 1; lastKnownFileType = text.xcconfig; name = "Pods-mac.debug.xcconfig"; path = "Target Support Files/Pods-mac/Pods-mac.debug.xcconfig"; sourceTree = "<group>"; };
		CF76B24AB4ACDF361DE370A9 /* Pods_mac.framework */ = {isa = PBXFileReference; explicitFileType = wrapper.framework; includeInIndex = 0; path = Pods_mac.framework; sourceTree = BUILT_PRODUCTS_DIR; };
/* End PBXFileReference section */

/* Begin PBXFrameworksBuildPhase section */
		09F1A1FA2446CE9A00D038A9 /* Frameworks */ = {
			isa = PBXFrameworksBuildPhase;
			buildActionMask = 2147483647;
			files = (
				E9DAF6D2C3D0A1F1D75A5AB1 /* Pods_mac.framework in Frameworks */,
			);
			runOnlyForDeploymentPostprocessing = 0;
		};
/* End PBXFrameworksBuildPhase section */

/* Begin PBXGroup section */
		095A9C7A245BD8EE00CCFDFE /* Interop */ = {
			isa = PBXGroup;
			children = (
				682456748007595F009374DA /* ReaktiveInterop.swift */,
				6824573AC4A41C1483D67FF9 /* Subscribe.swift */,
				68245319591AA0F53AE05BA1 /* ReaktiveSubscription.swift */,
				68245CC187B5887791660782 /* ShareReplay.swift */,
			);
			path = Interop;
			sourceTree = "<group>";
		};
		095CC789245DE55B00EF2963 /* Fonts */ = {
			isa = PBXGroup;
			children = (
				095CC78B245DE57800EF2963 /* work_sans_bold.ttf */,
				095CC78C245DE57800EF2963 /* work_sans_italic.ttf */,
				095CC78A245DE57800EF2963 /* work_sans_regular.ttf */,
			);
			name = Fonts;
			path = ../Fonts;
			sourceTree = "<group>";
		};
		09A2BA1B244D05FE004CA7A5 /* Home */ = {
			isa = PBXGroup;
			children = (
				09F1A2022446CE9A00D038A9 /* HomeView.swift */,
				6824576FF84E6FB1A4DCD687 /* HomeComponent.swift */,
				68245D3AE821EF111631D024 /* NoteRowView.swift */,
				68245D7BADDF29F0F093D1FC /* NoteListView.swift */,
			);
			path = Home;
			sourceTree = "<group>";
		};
		09F1A1F42446CE9A00D038A9 = {
			isa = PBXGroup;
			children = (
				09F1A1FF2446CE9A00D038A9 /* mac */,
				09F1A1FE2446CE9A00D038A9 /* Products */,
				75F86506E15DCD6A21EB356F /* Pods */,
				3CD78A7F2DAEF8CFD5E42BF2 /* Frameworks */,
				68245B4009EAC6F3DC881BB3 /* .editorconfig */,
			);
			sourceTree = "<group>";
		};
		09F1A1FE2446CE9A00D038A9 /* Products */ = {
			isa = PBXGroup;
			children = (
				09F1A1FD2446CE9A00D038A9 /* Press.app */,
			);
			name = Products;
			sourceTree = "<group>";
		};
		09F1A1FF2446CE9A00D038A9 /* mac */ = {
			isa = PBXGroup;
			children = (
				095A9C7A245BD8EE00CCFDFE /* Interop */,
				09A2BA1B244D05FE004CA7A5 /* Home */,
				09F1A2002446CE9A00D038A9 /* PressApp.swift */,
				09F1A2042446CE9B00D038A9 /* Assets.xcassets */,
				09F1A2092446CE9B00D038A9 /* Main.storyboard */,
				09F1A20C2446CE9B00D038A9 /* Info.plist */,
				09F1A20D2446CE9B00D038A9 /* mac.entitlements */,
				09F1A2062446CE9B00D038A9 /* Preview Content */,
				68245339D019FA4E0DBDC824 /* Theme */,
				6824549571F3E4C1D14C4F62 /* Editor */,
				68245D0CD2CBB7C7B42A546C /* Views */,
				68245A16B68E0EED6BF18E86 /* Util */,
			);
			path = mac;
			sourceTree = "<group>";
		};
		09F1A2062446CE9B00D038A9 /* Preview Content */ = {
			isa = PBXGroup;
			children = (
				09F1A2072446CE9B00D038A9 /* Preview Assets.xcassets */,
			);
			path = "Preview Content";
			sourceTree = "<group>";
		};
		3CD78A7F2DAEF8CFD5E42BF2 /* Frameworks */ = {
			isa = PBXGroup;
			children = (
				CF76B24AB4ACDF361DE370A9 /* Pods_mac.framework */,
			);
			name = Frameworks;
			sourceTree = "<group>";
		};
		68245339D019FA4E0DBDC824 /* Theme */ = {
			isa = PBXGroup;
			children = (
				095CC789245DE55B00EF2963 /* Fonts */,
				682450C434D6DF5CDFD94C54 /* ThemeComponent.swift */,
				68245FC40D1F420ACE44EE95 /* AppTheme.swift */,
				682457325354777EDC79E432 /* Colors.ext.swift */,
				6824583FB2B0D4ACB7E04264 /* Styles.swift */,
				682451887E2788E182C27481 /* Dimensions.swift */,
			);
			path = Theme;
			sourceTree = "<group>";
		};
		6824549571F3E4C1D14C4F62 /* Editor */ = {
			isa = PBXGroup;
			children = (
				68245B77AEE0217659B737A3 /* EditorView.swift */,
				68245417D1B40EBF064BC738 /* EditorComponent.swift */,
			);
			path = Editor;
			sourceTree = "<group>";
		};
		68245A16B68E0EED6BF18E86 /* Util */ = {
			isa = PBXGroup;
			children = (
				68245D61E8C832E7AB77AEAB /* ScopeFunctions.swift */,
				682456263684BB431EA5157E /* Views.ext.swift */,
				6824586BCED4D09B379741E0 /* Combine.ext.swift */,
				68245149B46D4691A5F5B370 /* Threads.ext.swift */,
			);
			path = Util;
			sourceTree = "<group>";
		};
		68245D0CD2CBB7C7B42A546C /* Views */ = {
			isa = PBXGroup;
			children = (
				6824537B63E1B6DD3CC05D27 /* MultiLineTextField.swift */,
			);
			path = Views;
			sourceTree = "<group>";
		};
		75F86506E15DCD6A21EB356F /* Pods */ = {
			isa = PBXGroup;
			children = (
				C1F16A1D5CC1D5FCAD6BD133 /* Pods-mac.debug.xcconfig */,
				5CEBE819EF748ACA146C79AE /* Pods-mac.release.xcconfig */,
			);
			path = Pods;
			sourceTree = "<group>";
		};
/* End PBXGroup section */

/* Begin PBXNativeTarget section */
		09F1A1FC2446CE9A00D038A9 /* Press */ = {
			isa = PBXNativeTarget;
			buildConfigurationList = 09F1A2102446CE9B00D038A9 /* Build configuration list for PBXNativeTarget "Press" */;
			buildPhases = (
				C9389239384445E78365E04E /* [CP] Check Pods Manifest.lock */,
				09F1A1F92446CE9A00D038A9 /* Sources */,
				09F1A1FA2446CE9A00D038A9 /* Frameworks */,
				09F1A1FB2446CE9A00D038A9 /* Resources */,
				7421A1020954AB6D429D7783 /* [CP] Embed Pods Frameworks */,
			);
			buildRules = (
			);
			dependencies = (
			);
			name = Press;
			productName = mac;
			productReference = 09F1A1FD2446CE9A00D038A9 /* Press.app */;
			productType = "com.apple.product-type.application";
		};
/* End PBXNativeTarget section */

/* Begin PBXProject section */
		09F1A1F52446CE9A00D038A9 /* Project object */ = {
			isa = PBXProject;
			attributes = {
				LastSwiftUpdateCheck = 1100;
				LastUpgradeCheck = 1100;
				ORGANIZATIONNAME = "Saket Narayan";
				TargetAttributes = {
					09F1A1FC2446CE9A00D038A9 = {
						CreatedOnToolsVersion = 11.0;
					};
				};
			};
			buildConfigurationList = 09F1A1F82446CE9A00D038A9 /* Build configuration list for PBXProject "mac" */;
			compatibilityVersion = "Xcode 9.3";
			developmentRegion = en;
			hasScannedForEncodings = 0;
			knownRegions = (
				en,
				Base,
			);
			mainGroup = 09F1A1F42446CE9A00D038A9;
			productRefGroup = 09F1A1FE2446CE9A00D038A9 /* Products */;
			projectDirPath = "";
			projectRoot = "";
			targets = (
				09F1A1FC2446CE9A00D038A9 /* Press */,
			);
		};
/* End PBXProject section */

/* Begin PBXResourcesBuildPhase section */
		09F1A1FB2446CE9A00D038A9 /* Resources */ = {
			isa = PBXResourcesBuildPhase;
			buildActionMask = 2147483647;
			files = (
				090112E2245DF82D0053F6ED /* work_sans_bold.ttf in Resources */,
				090112E3245DF82D0053F6ED /* work_sans_italic.ttf in Resources */,
				090112E4245DF82D0053F6ED /* work_sans_regular.ttf in Resources */,
				09F1A20B2446CE9B00D038A9 /* Main.storyboard in Resources */,
				09F1A2082446CE9B00D038A9 /* Preview Assets.xcassets in Resources */,
				09F1A2052446CE9B00D038A9 /* Assets.xcassets in Resources */,
				68245D291151EC32EFFB6E16 /* .editorconfig in Resources */,
			);
			runOnlyForDeploymentPostprocessing = 0;
		};
/* End PBXResourcesBuildPhase section */

/* Begin PBXShellScriptBuildPhase section */
		7421A1020954AB6D429D7783 /* [CP] Embed Pods Frameworks */ = {
			isa = PBXShellScriptBuildPhase;
			buildActionMask = 2147483647;
			files = (
			);
			inputFileListPaths = (
				"${PODS_ROOT}/Target Support Files/Pods-mac/Pods-mac-frameworks-${CONFIGURATION}-input-files.xcfilelist",
			);
			name = "[CP] Embed Pods Frameworks";
			outputFileListPaths = (
				"${PODS_ROOT}/Target Support Files/Pods-mac/Pods-mac-frameworks-${CONFIGURATION}-output-files.xcfilelist",
			);
			runOnlyForDeploymentPostprocessing = 0;
			shellPath = /bin/sh;
			shellScript = "\"${PODS_ROOT}/Target Support Files/Pods-mac/Pods-mac-frameworks.sh\"\n";
			showEnvVarsInLog = 0;
		};
		C9389239384445E78365E04E /* [CP] Check Pods Manifest.lock */ = {
			isa = PBXShellScriptBuildPhase;
			buildActionMask = 2147483647;
			files = (
			);
			inputFileListPaths = (
			);
			inputPaths = (
				"${PODS_PODFILE_DIR_PATH}/Podfile.lock",
				"${PODS_ROOT}/Manifest.lock",
			);
			name = "[CP] Check Pods Manifest.lock";
			outputFileListPaths = (
			);
			outputPaths = (
				"$(DERIVED_FILE_DIR)/Pods-mac-checkManifestLockResult.txt",
			);
			runOnlyForDeploymentPostprocessing = 0;
			shellPath = /bin/sh;
			shellScript = "diff \"${PODS_PODFILE_DIR_PATH}/Podfile.lock\" \"${PODS_ROOT}/Manifest.lock\" > /dev/null\nif [ $? != 0 ] ; then\n    # print error to STDERR\n    echo \"error: The sandbox is not in sync with the Podfile.lock. Run 'pod install' or update your CocoaPods installation.\" >&2\n    exit 1\nfi\n# This output is used by Xcode 'outputs' to avoid re-running this script phase.\necho \"SUCCESS\" > \"${SCRIPT_OUTPUT_FILE_0}\"\n";
			showEnvVarsInLog = 0;
		};
/* End PBXShellScriptBuildPhase section */

/* Begin PBXSourcesBuildPhase section */
		09F1A1F92446CE9A00D038A9 /* Sources */ = {
			isa = PBXSourcesBuildPhase;
			buildActionMask = 2147483647;
			files = (
				09F1A2032446CE9A00D038A9 /* HomeView.swift in Sources */,
				09F1A2012446CE9A00D038A9 /* PressApp.swift in Sources */,
				6824536F62456A2DDBE03888 /* HomeComponent.swift in Sources */,
				68245DE64B25E36210AEF363 /* ReaktiveInterop.swift in Sources */,
				6824538615A33D2CDFE25228 /* NoteRowView.swift in Sources */,
				68245994BFB065737ACADA8E /* ThemeComponent.swift in Sources */,
				68245DC0CBA1DA9735DA7BC8 /* AppTheme.swift in Sources */,
				68245B53AFE872799BC4B55A /* Colors.ext.swift in Sources */,
				68245362D98E405F72FEF39B /* Styles.swift in Sources */,
				682454A503F6C6BCAB06785F /* EditorView.swift in Sources */,
				682457452F7742C49D50D434 /* NoteListView.swift in Sources */,
				68245F3AFBBD17967374C605 /* Dimensions.swift in Sources */,
				6824507E2F5F7BB1D0937C06 /* MultiLineTextField.swift in Sources */,
				6824598CF3EE5208E8057FDF /* EditorComponent.swift in Sources */,
				6824541114120B590EA1F28E /* ScopeFunctions.swift in Sources */,
				68245B3AC8D2378B0181ECAD /* Views.ext.swift in Sources */,
				682451D3689EB91DFB0898E4 /* Combine.ext.swift in Sources */,
				68245B5C0DC45FB6408D94EC /* Subscribe.swift in Sources */,
				682451E0F98596E664F98CF8 /* Threads.ext.swift in Sources */,
				68245A8ED499484CCC69BC49 /* ReaktiveSubscription.swift in Sources */,
				68245A7910ABDDB2D030FCED /* ShareReplay.swift in Sources */,
			);
			runOnlyForDeploymentPostprocessing = 0;
		};
/* End PBXSourcesBuildPhase section */

/* Begin PBXVariantGroup section */
		09F1A2092446CE9B00D038A9 /* Main.storyboard */ = {
			isa = PBXVariantGroup;
			children = (
				09F1A20A2446CE9B00D038A9 /* Base */,
			);
			name = Main.storyboard;
			sourceTree = "<group>";
		};
/* End PBXVariantGroup section */

/* Begin XCBuildConfiguration section */
		09F1A20E2446CE9B00D038A9 /* Debug */ = {
			isa = XCBuildConfiguration;
			buildSettings = {
				ALWAYS_SEARCH_USER_PATHS = NO;
				CLANG_ANALYZER_NONNULL = YES;
				CLANG_ANALYZER_NUMBER_OBJECT_CONVERSION = YES_AGGRESSIVE;
				CLANG_CXX_LANGUAGE_STANDARD = "gnu++14";
				CLANG_CXX_LIBRARY = "libc++";
				CLANG_ENABLE_MODULES = YES;
				CLANG_ENABLE_OBJC_ARC = YES;
				CLANG_ENABLE_OBJC_WEAK = YES;
				CLANG_WARN_BLOCK_CAPTURE_AUTORELEASING = YES;
				CLANG_WARN_BOOL_CONVERSION = YES;
				CLANG_WARN_COMMA = YES;
				CLANG_WARN_CONSTANT_CONVERSION = YES;
				CLANG_WARN_DEPRECATED_OBJC_IMPLEMENTATIONS = YES;
				CLANG_WARN_DIRECT_OBJC_ISA_USAGE = YES_ERROR;
				CLANG_WARN_DOCUMENTATION_COMMENTS = YES;
				CLANG_WARN_EMPTY_BODY = YES;
				CLANG_WARN_ENUM_CONVERSION = YES;
				CLANG_WARN_INFINITE_RECURSION = YES;
				CLANG_WARN_INT_CONVERSION = YES;
				CLANG_WARN_NON_LITERAL_NULL_CONVERSION = YES;
				CLANG_WARN_OBJC_IMPLICIT_RETAIN_SELF = YES;
				CLANG_WARN_OBJC_LITERAL_CONVERSION = YES;
				CLANG_WARN_OBJC_ROOT_CLASS = YES_ERROR;
				CLANG_WARN_RANGE_LOOP_ANALYSIS = YES;
				CLANG_WARN_STRICT_PROTOTYPES = YES;
				CLANG_WARN_SUSPICIOUS_MOVE = YES;
				CLANG_WARN_UNGUARDED_AVAILABILITY = YES_AGGRESSIVE;
				CLANG_WARN_UNREACHABLE_CODE = YES;
				CLANG_WARN__DUPLICATE_METHOD_MATCH = YES;
				COPY_PHASE_STRIP = NO;
				DEBUG_INFORMATION_FORMAT = dwarf;
				ENABLE_STRICT_OBJC_MSGSEND = YES;
				ENABLE_TESTABILITY = YES;
				GCC_C_LANGUAGE_STANDARD = gnu11;
				GCC_DYNAMIC_NO_PIC = NO;
				GCC_NO_COMMON_BLOCKS = YES;
				GCC_OPTIMIZATION_LEVEL = 0;
				GCC_PREPROCESSOR_DEFINITIONS = (
					"DEBUG=1",
					"$(inherited)",
				);
				GCC_WARN_64_TO_32_BIT_CONVERSION = YES;
				GCC_WARN_ABOUT_RETURN_TYPE = YES_ERROR;
				GCC_WARN_UNDECLARED_SELECTOR = YES;
				GCC_WARN_UNINITIALIZED_AUTOS = YES_AGGRESSIVE;
				GCC_WARN_UNUSED_FUNCTION = YES;
				GCC_WARN_UNUSED_VARIABLE = YES;
				MACOSX_DEPLOYMENT_TARGET = 10.15;
				MTL_ENABLE_DEBUG_INFO = INCLUDE_SOURCE;
				MTL_FAST_MATH = YES;
				ONLY_ACTIVE_ARCH = YES;
				SDKROOT = macosx;
				SWIFT_ACTIVE_COMPILATION_CONDITIONS = DEBUG;
				SWIFT_OPTIMIZATION_LEVEL = "-Onone";
			};
			name = Debug;
		};
		09F1A20F2446CE9B00D038A9 /* Release */ = {
			isa = XCBuildConfiguration;
			buildSettings = {
				ALWAYS_SEARCH_USER_PATHS = NO;
				CLANG_ANALYZER_NONNULL = YES;
				CLANG_ANALYZER_NUMBER_OBJECT_CONVERSION = YES_AGGRESSIVE;
				CLANG_CXX_LANGUAGE_STANDARD = "gnu++14";
				CLANG_CXX_LIBRARY = "libc++";
				CLANG_ENABLE_MODULES = YES;
				CLANG_ENABLE_OBJC_ARC = YES;
				CLANG_ENABLE_OBJC_WEAK = YES;
				CLANG_WARN_BLOCK_CAPTURE_AUTORELEASING = YES;
				CLANG_WARN_BOOL_CONVERSION = YES;
				CLANG_WARN_COMMA = YES;
				CLANG_WARN_CONSTANT_CONVERSION = YES;
				CLANG_WARN_DEPRECATED_OBJC_IMPLEMENTATIONS = YES;
				CLANG_WARN_DIRECT_OBJC_ISA_USAGE = YES_ERROR;
				CLANG_WARN_DOCUMENTATION_COMMENTS = YES;
				CLANG_WARN_EMPTY_BODY = YES;
				CLANG_WARN_ENUM_CONVERSION = YES;
				CLANG_WARN_INFINITE_RECURSION = YES;
				CLANG_WARN_INT_CONVERSION = YES;
				CLANG_WARN_NON_LITERAL_NULL_CONVERSION = YES;
				CLANG_WARN_OBJC_IMPLICIT_RETAIN_SELF = YES;
				CLANG_WARN_OBJC_LITERAL_CONVERSION = YES;
				CLANG_WARN_OBJC_ROOT_CLASS = YES_ERROR;
				CLANG_WARN_RANGE_LOOP_ANALYSIS = YES;
				CLANG_WARN_STRICT_PROTOTYPES = YES;
				CLANG_WARN_SUSPICIOUS_MOVE = YES;
				CLANG_WARN_UNGUARDED_AVAILABILITY = YES_AGGRESSIVE;
				CLANG_WARN_UNREACHABLE_CODE = YES;
				CLANG_WARN__DUPLICATE_METHOD_MATCH = YES;
				COPY_PHASE_STRIP = NO;
				DEBUG_INFORMATION_FORMAT = "dwarf-with-dsym";
				ENABLE_NS_ASSERTIONS = NO;
				ENABLE_STRICT_OBJC_MSGSEND = YES;
				GCC_C_LANGUAGE_STANDARD = gnu11;
				GCC_NO_COMMON_BLOCKS = YES;
				GCC_WARN_64_TO_32_BIT_CONVERSION = YES;
				GCC_WARN_ABOUT_RETURN_TYPE = YES_ERROR;
				GCC_WARN_UNDECLARED_SELECTOR = YES;
				GCC_WARN_UNINITIALIZED_AUTOS = YES_AGGRESSIVE;
				GCC_WARN_UNUSED_FUNCTION = YES;
				GCC_WARN_UNUSED_VARIABLE = YES;
				MACOSX_DEPLOYMENT_TARGET = 10.15;
				MTL_ENABLE_DEBUG_INFO = NO;
				MTL_FAST_MATH = YES;
				SDKROOT = macosx;
				SWIFT_COMPILATION_MODE = wholemodule;
				SWIFT_OPTIMIZATION_LEVEL = "-O";
			};
			name = Release;
		};
		09F1A2112446CE9B00D038A9 /* Debug */ = {
			isa = XCBuildConfiguration;
			baseConfigurationReference = C1F16A1D5CC1D5FCAD6BD133 /* Pods-mac.debug.xcconfig */;
			buildSettings = {
				ASSETCATALOG_COMPILER_APPICON_NAME = AppIcon;
				CODE_SIGN_ENTITLEMENTS = mac/mac.entitlements;
				CODE_SIGN_STYLE = Automatic;
				COMBINE_HIDPI_IMAGES = YES;
				DEVELOPMENT_ASSET_PATHS = "\"mac/Preview Content\"";
				ENABLE_PREVIEWS = YES;
				INFOPLIST_FILE = mac/Info.plist;
				LD_RUNPATH_SEARCH_PATHS = (
					"$(inherited)",
					"@executable_path/../Frameworks",
				);
				MACOSX_DEPLOYMENT_TARGET = 10.15.3;
				OTHER_LDFLAGS = (
					"$(inherited)",
					"-ObjC",
					"-l\"c++\"",
					"-framework",
					"\"shared\"",
				);
				PRODUCT_BUNDLE_IDENTIFIER = me.saket.press;
				PRODUCT_NAME = "$(TARGET_NAME)";
				SWIFT_VERSION = 5.0;
			};
			name = Debug;
		};
		09F1A2122446CE9B00D038A9 /* Release */ = {
			isa = XCBuildConfiguration;
			baseConfigurationReference = 5CEBE819EF748ACA146C79AE /* Pods-mac.release.xcconfig */;
			buildSettings = {
				ASSETCATALOG_COMPILER_APPICON_NAME = AppIcon;
				CODE_SIGN_ENTITLEMENTS = mac/mac.entitlements;
				CODE_SIGN_STYLE = Automatic;
				COMBINE_HIDPI_IMAGES = YES;
				DEVELOPMENT_ASSET_PATHS = "\"mac/Preview Content\"";
				ENABLE_PREVIEWS = YES;
				INFOPLIST_FILE = mac/Info.plist;
				LD_RUNPATH_SEARCH_PATHS = (
					"$(inherited)",
					"@executable_path/../Frameworks",
				);
				MACOSX_DEPLOYMENT_TARGET = 10.15.3;
				OTHER_LDFLAGS = (
					"$(inherited)",
					"-ObjC",
					"-l\"c++\"",
					"-framework",
					"\"shared\"",
				);
				PRODUCT_BUNDLE_IDENTIFIER = me.saket.press;
				PRODUCT_NAME = "$(TARGET_NAME)";
				SWIFT_VERSION = 5.0;
			};
			name = Release;
		};
/* End XCBuildConfiguration section */

/* Begin XCConfigurationList section */
		09F1A1F82446CE9A00D038A9 /* Build configuration list for PBXProject "mac" */ = {
			isa = XCConfigurationList;
			buildConfigurations = (
				09F1A20E2446CE9B00D038A9 /* Debug */,
				09F1A20F2446CE9B00D038A9 /* Release */,
			);
			defaultConfigurationIsVisible = 0;
			defaultConfigurationName = Release;
		};
		09F1A2102446CE9B00D038A9 /* Build configuration list for PBXNativeTarget "Press" */ = {
			isa = XCConfigurationList;
			buildConfigurations = (
				09F1A2112446CE9B00D038A9 /* Debug */,
				09F1A2122446CE9B00D038A9 /* Release */,
			);
			defaultConfigurationIsVisible = 0;
			defaultConfigurationName = Release;
		};
/* End XCConfigurationList section */
	};
	rootObject = 09F1A1F52446CE9A00D038A9 /* Project object */;
}
